
Microsoft Visual Studio Solution File, Format Version 12.00
# Visual Studio Version 16
VisualStudioVersion = 16.0.30011.22
MinimumVisualStudioVersion = 10.0.40219.1
Project("{9A19103F-16F7-4668-BE54-9A1E7A4F7556}") = "ZipSubfolders", "ZipSubfolders\ZipSubfolders.csproj", "{15718EE6-D7C5-46B4-B21B-87CB7B095DF2}"
EndProject
Project("{9A19103F-16F7-4668-BE54-9A1E7A4F7556}") = "AllocFile", "AllocFile\AllocFile.csproj", "{0CA3C4EA-0966-4D6B-BEA3-E92B5B2ABBAF}"
EndProject
Project("{9A19103F-16F7-4668-BE54-9A1E7A4F7556}") = "SkewSrt", "SkewSrt\SkewSrt.csproj", "{89D28D8A-0BC9-45C4-AFA9-D7E41B0880E9}"
EndProject
Project("{2150E333-8FDC-42A3-9474-1A3956D46DE8}") = "Solution Items", "Solution Items", "{2A5E6740-3205-420C-97FE-6B681B6DBBDD}"
	ProjectSection(SolutionItems) = preProject
		Directory.Build.props = Directory.Build.props
		Publish.ps1 = Publish.ps1
	EndProjectSection
EndProject
Project("{9A19103F-16F7-4668-BE54-9A1E7A4F7556}") = "AutoExtractZips", "AutoExtractZips\AutoExtractZips.csproj", "{98A5282B-C99C-4C67-BCB5-8EEC60677552}"
EndProject
Project("{9A19103F-16F7-4668-BE54-9A1E7A4F7556}") = "MergeGen", "MergeGen\MergeGen.csproj", "{E3A3B584-4FD3-4025-A632-827246CC5868}"
EndProject
Project("{9A19103F-16F7-4668-BE54-9A1E7A4F7556}") = "StatCounter", "StatCounter\StatCounter.csproj", "{A7FE9303-4172-4DD4-91C3-025CE4872AF6}"
EndProject
Project("{9A19103F-16F7-4668-BE54-9A1E7A4F7556}") = "GenerateWUStructure", "GenerateWUStructure\GenerateWUStructure.csproj", "{9F85B7C2-4416-4132-8A2F-AB51B50B627F}"
EndProject
Global
	GlobalSection(SolutionConfigurationPlatforms) = preSolution
		Debug|Any CPU = Debug|Any CPU
		Release|Any CPU = Release|Any CPU
	EndGlobalSection
	GlobalSection(ProjectConfigurationPlatforms) = postSolution
		{15718EE6-D7C5-46B4-B21B-87CB7B095DF2}.Debug|Any CPU.ActiveCfg = Debug|Any CPU
		{15718EE6-D7C5-46B4-B21B-87CB7B095DF2}.Debug|Any CPU.Build.0 = Debug|Any CPU
		{15718EE6-D7C5-46B4-B21B-87CB7B095DF2}.Release|Any CPU.ActiveCfg = Release|Any CPU
		{15718EE6-D7C5-46B4-B21B-87CB7B095DF2}.Release|Any CPU.Build.0 = Release|Any CPU
		{0CA3C4EA-0966-4D6B-BEA3-E92B5B2ABBAF}.Debug|Any CPU.ActiveCfg = Debug|Any CPU
		{0CA3C4EA-0966-4D6B-BEA3-E92B5B2ABBAF}.Debug|Any CPU.Build.0 = Debug|Any CPU
		{0CA3C4EA-0966-4D6B-BEA3-E92B5B2ABBAF}.Release|Any CPU.ActiveCfg = Release|Any CPU
		{0CA3C4EA-0966-4D6B-BEA3-E92B5B2ABBAF}.Release|Any CPU.Build.0 = Release|Any CPU
		{89D28D8A-0BC9-45C4-AFA9-D7E41B0880E9}.Debug|Any CPU.ActiveCfg = Debug|Any CPU
		{89D28D8A-0BC9-45C4-AFA9-D7E41B0880E9}.Debug|Any CPU.Build.0 = Debug|Any CPU
		{89D28D8A-0BC9-45C4-AFA9-D7E41B0880E9}.Release|Any CPU.ActiveCfg = Release|Any CPU
		{89D28D8A-0BC9-45C4-AFA9-D7E41B0880E9}.Release|Any CPU.Build.0 = Release|Any CPU
		{98A5282B-C99C-4C67-BCB5-8EEC60677552}.Debug|Any CPU.ActiveCfg = Debug|Any CPU
		{98A5282B-C99C-4C67-BCB5-8EEC60677552}.Debug|Any CPU.Build.0 = Debug|Any CPU
		{98A5282B-C99C-4C67-BCB5-8EEC60677552}.Release|Any CPU.ActiveCfg = Release|Any CPU
		{98A5282B-C99C-4C67-BCB5-8EEC60677552}.Release|Any CPU.Build.0 = Release|Any CPU
		{E3A3B584-4FD3-4025-A632-827246CC5868}.Debug|Any CPU.ActiveCfg = Debug|Any CPU
		{E3A3B584-4FD3-4025-A632-827246CC5868}.Debug|Any CPU.Build.0 = Debug|Any CPU
		{E3A3B584-4FD3-4025-A632-827246CC5868}.Release|Any CPU.ActiveCfg = Release|Any CPU
		{E3A3B584-4FD3-4025-A632-827246CC5868}.Release|Any CPU.Build.0 = Release|Any CPU
		{A7FE9303-4172-4DD4-91C3-025CE4872AF6}.Debug|Any CPU.ActiveCfg = Debug|Any CPU
		{A7FE9303-4172-4DD4-91C3-025CE4872AF6}.Debug|Any CPU.Build.0 = Debug|Any CPU
		{A7FE9303-4172-4DD4-91C3-025CE4872AF6}.Release|Any CPU.ActiveCfg = Release|Any CPU
		{A7FE9303-4172-4DD4-91C3-025CE4872AF6}.Release|Any CPU.Build.0 = Release|Any CPU
		{9F85B7C2-4416-4132-8A2F-AB51B50B627F}.Debug|Any CPU.ActiveCfg = Debug|Any CPU
		{9F85B7C2-4416-4132-8A2F-AB51B50B627F}.Debug|Any CPU.Build.0 = Debug|Any CPU
		{9F85B7C2-4416-4132-8A2F-AB51B50B627F}.Release|Any CPU.ActiveCfg = Release|Any CPU
		{9F85B7C2-4416-4132-8A2F-AB51B50B627F}.Release|Any CPU.Build.0 = Release|Any CPU
	EndGlobalSection
	GlobalSection(SolutionProperties) = preSolution
		HideSolutionNode = FALSE
	EndGlobalSection
	GlobalSection(ExtensibilityGlobals) = postSolution
		SolutionGuid = {9606A7D7-CA01-4504-8E25-622A45277996}
	EndGlobalSection
EndGlobal
